
Microsoft Visual Studio Solution File, Format Version 12.00
# Visual Studio Version 17
VisualStudioVersion = 17.6.33829.357
MinimumVisualStudioVersion = 10.0.40219.1
Project("{FAE04EC0-301F-11D3-BF4B-00C04F79EFBC}") = "Slidershoes", "Slidershoes.csproj", "{7E0DF2A3-4ABB-43EA-AD76-8B7C4C70D088}"
EndProject
Global
	GlobalSection(SolutionConfigurationPlatforms) = preSolution
		Debug|Any CPU = Debug|Any CPU
		Release|Any CPU = Release|Any CPU
	EndGlobalSection
	GlobalSection(ProjectConfigurationPlatforms) = postSolution
		{7E0DF2A3-4ABB-43EA-AD76-8B7C4C70D088}.Debug|Any CPU.ActiveCfg = Debug|Any CPU
		{7E0DF2A3-4ABB-43EA-AD76-8B7C4C70D088}.Debug|Any CPU.Build.0 = Debug|Any CPU
		{7E0DF2A3-4ABB-43EA-AD76-8B7C4C70D088}.Release|Any CPU.ActiveCfg = Release|Any CPU
		{7E0DF2A3-4ABB-43EA-AD76-8B7C4C70D088}.Release|Any CPU.Build.0 = Release|Any CPU
	EndGlobalSection
	GlobalSection(SolutionProperties) = preSolution
		HideSolutionNode = FALSE
	EndGlobalSection
	GlobalSection(ExtensibilityGlobals) = postSolution
		SolutionGuid = {66B3E456-5E09-4C53-AF90-8B6FE8B88CC1}
	EndGlobalSection
EndGlobal
